
Microsoft Visual Studio Solution File, Format Version 12.00
# Visual Studio Version 17
VisualStudioVersion = 17.11.35303.130
MinimumVisualStudioVersion = 10.0.40219.1
Project("{8BC9CEB8-8B4A-11D0-8D11-00A0C91BC942}") = "Lab_07.1it", "Lab_07.1it.vcxproj", "{4913D90C-61F4-4B26-9A30-EB180BEA84AD}"
EndProject
Project("{8BC9CEB8-8B4A-11D0-8D11-00A0C91BC942}") = "UnitTest071", "UnitTest071\UnitTest071.vcxproj", "{40275E09-A983-4F2C-8C5C-71059F98AD2E}"
EndProject
Global
	GlobalSection(SolutionConfigurationPlatforms) = preSolution
		Debug|x64 = Debug|x64
		Debug|x86 = Debug|x86
		Release|x64 = Release|x64
		Release|x86 = Release|x86
	EndGlobalSection
	GlobalSection(ProjectConfigurationPlatforms) = postSolution
		{4913D90C-61F4-4B26-9A30-EB180BEA84AD}.Debug|x64.ActiveCfg = Debug|x64
		{4913D90C-61F4-4B26-9A30-EB180BEA84AD}.Debug|x64.Build.0 = Debug|x64
		{4913D90C-61F4-4B26-9A30-EB180BEA84AD}.Debug|x86.ActiveCfg = Debug|Win32
		{4913D90C-61F4-4B26-9A30-EB180BEA84AD}.Debug|x86.Build.0 = Debug|Win32
		{4913D90C-61F4-4B26-9A30-EB180BEA84AD}.Release|x64.ActiveCfg = Release|x64
		{4913D90C-61F4-4B26-9A30-EB180BEA84AD}.Release|x64.Build.0 = Release|x64
		{4913D90C-61F4-4B26-9A30-EB180BEA84AD}.Release|x86.ActiveCfg = Release|Win32
		{4913D90C-61F4-4B26-9A30-EB180BEA84AD}.Release|x86.Build.0 = Release|Win32
		{40275E09-A983-4F2C-8C5C-71059F98AD2E}.Debug|x64.ActiveCfg = Debug|x64
		{40275E09-A983-4F2C-8C5C-71059F98AD2E}.Debug|x64.Build.0 = Debug|x64
		{40275E09-A983-4F2C-8C5C-71059F98AD2E}.Debug|x86.ActiveCfg = Debug|Win32
		{40275E09-A983-4F2C-8C5C-71059F98AD2E}.Debug|x86.Build.0 = Debug|Win32
		{40275E09-A983-4F2C-8C5C-71059F98AD2E}.Release|x64.ActiveCfg = Release|x64
		{40275E09-A983-4F2C-8C5C-71059F98AD2E}.Release|x64.Build.0 = Release|x64
		{40275E09-A983-4F2C-8C5C-71059F98AD2E}.Release|x86.ActiveCfg = Release|Win32
		{40275E09-A983-4F2C-8C5C-71059F98AD2E}.Release|x86.Build.0 = Release|Win32
	EndGlobalSection
	GlobalSection(SolutionProperties) = preSolution
		HideSolutionNode = FALSE
	EndGlobalSection
	GlobalSection(ExtensibilityGlobals) = postSolution
		SolutionGuid = {C769C11C-52FC-4156-B846-1EA489533D15}
	EndGlobalSection
EndGlobal
